<?xml version="1.0" encoding="utf-8"?>
<Project ToolsVersion="4.0" xmlns="http://schemas.microsoft.com/developer/msbuild/2003">
  <ItemGroup>
    <ClInclude Include="pch.h" />
    <ClInclude Include="SelectFavoriteFont.h" />
  </ItemGroup>
  <ItemGroup>
    <ClCompile Include="pch.cpp" />
    <ClCompile Include="SelectFavoriteFont.cpp" />
    <ClCompile Include="SelectFavoriteFont_Load.cpp" />
    <ClCompile Include="SelectFavoriteFont_Save.cpp" />
    <ClCompile Include="SelectFavoriteFont_Utility.cpp" />
    <ClCompile Include="SelectFavoriteFont_Preview.cpp" />
    <ClCompile Include="SelectFavoriteFont_Filter.cpp" />
    <ClCompile Include="SelectFavoriteFont_Hook.cpp" />
  </ItemGroup>
  <ItemGroup>
    <None Include="SelectFavoriteFont.def" />
  </ItemGroup>
</Project>